
Microsoft Visual Studio Solution File, Format Version 12.00
# Visual Studio Version 17
VisualStudioVersion = 17.5.002.0
MinimumVisualStudioVersion = 10.0.40219.1
Project("{9A19103F-16F7-4668-BE54-9A1E7A4F7556}") = "musicShare", "musicShare.csproj", "{9A397EE9-BA84-4C1E-BEFF-44FFE2AD6B01}"
EndProject
Global
	GlobalSection(SolutionConfigurationPlatforms) = preSolution
		Debug|Any CPU = Debug|Any CPU
		Release|Any CPU = Release|Any CPU
	EndGlobalSection
	GlobalSection(ProjectConfigurationPlatforms) = postSolution
		{9A397EE9-BA84-4C1E-BEFF-44FFE2AD6B01}.Debug|Any CPU.ActiveCfg = Debug|Any CPU
		{9A397EE9-BA84-4C1E-BEFF-44FFE2AD6B01}.Debug|Any CPU.Build.0 = Debug|Any CPU
		{9A397EE9-BA84-4C1E-BEFF-44FFE2AD6B01}.Release|Any CPU.ActiveCfg = Release|Any CPU
		{9A397EE9-BA84-4C1E-BEFF-44FFE2AD6B01}.Release|Any CPU.Build.0 = Release|Any CPU
	EndGlobalSection
	GlobalSection(SolutionProperties) = preSolution
		HideSolutionNode = FALSE
	EndGlobalSection
	GlobalSection(ExtensibilityGlobals) = postSolution
		SolutionGuid = {EA28660B-0A12-4859-83E5-C8B238BDB205}
	EndGlobalSection
EndGlobal
